
Microsoft Visual Studio Solution File, Format Version 12.00
# Visual Studio Version 17
VisualStudioVersion = 17.9.34902.65
MinimumVisualStudioVersion = 10.0.40219.1
Project("{FAE04EC0-301F-11D3-BF4B-00C04F79EFBC}") = "task2_3", "task2_3\task2_3.csproj", "{CE9E4302-77BF-478E-93C9-A7AB452ACA21}"
EndProject
Global
	GlobalSection(SolutionConfigurationPlatforms) = preSolution
		Debug|Any CPU = Debug|Any CPU
		Release|Any CPU = Release|Any CPU
	EndGlobalSection
	GlobalSection(ProjectConfigurationPlatforms) = postSolution
		{CE9E4302-77BF-478E-93C9-A7AB452ACA21}.Debug|Any CPU.ActiveCfg = Debug|Any CPU
		{CE9E4302-77BF-478E-93C9-A7AB452ACA21}.Debug|Any CPU.Build.0 = Debug|Any CPU
		{CE9E4302-77BF-478E-93C9-A7AB452ACA21}.Release|Any CPU.ActiveCfg = Release|Any CPU
		{CE9E4302-77BF-478E-93C9-A7AB452ACA21}.Release|Any CPU.Build.0 = Release|Any CPU
	EndGlobalSection
	GlobalSection(SolutionProperties) = preSolution
		HideSolutionNode = FALSE
	EndGlobalSection
	GlobalSection(ExtensibilityGlobals) = postSolution
		SolutionGuid = {3CA35608-61AB-46EA-BF17-EB714C66A647}
	EndGlobalSection
EndGlobal
